
Microsoft Visual Studio Solution File, Format Version 12.00
# Visual Studio Version 16
VisualStudioVersion = 16.0.29418.71
MinimumVisualStudioVersion = 10.0.40219.1
Project("{FAE04EC0-301F-11D3-BF4B-00C04F79EFBC}") = "ReactJs", "ReactJs\ReactJs.csproj", "{01C438FE-3A49-439C-BF4C-7C5C9E1AFD51}"
EndProject
Global
	GlobalSection(SolutionConfigurationPlatforms) = preSolution
		Debug|Any CPU = Debug|Any CPU
		Release|Any CPU = Release|Any CPU
	EndGlobalSection
	GlobalSection(ProjectConfigurationPlatforms) = postSolution
		{01C438FE-3A49-439C-BF4C-7C5C9E1AFD51}.Debug|Any CPU.ActiveCfg = Debug|Any CPU
		{01C438FE-3A49-439C-BF4C-7C5C9E1AFD51}.Debug|Any CPU.Build.0 = Debug|Any CPU
		{01C438FE-3A49-439C-BF4C-7C5C9E1AFD51}.Release|Any CPU.ActiveCfg = Release|Any CPU
		{01C438FE-3A49-439C-BF4C-7C5C9E1AFD51}.Release|Any CPU.Build.0 = Release|Any CPU
	EndGlobalSection
	GlobalSection(SolutionProperties) = preSolution
		HideSolutionNode = FALSE
	EndGlobalSection
	GlobalSection(ExtensibilityGlobals) = postSolution
		SolutionGuid = {E9A023F0-428C-44E1-B3B1-C0CA453ACA04}
	EndGlobalSection
EndGlobal
